
Microsoft Visual Studio Solution File, Format Version 12.00
# Visual Studio Version 17
VisualStudioVersion = 17.10.34928.147
MinimumVisualStudioVersion = 10.0.40219.1
Project("{FAE04EC0-301F-11D3-BF4B-00C04F79EFBC}") = "PilotTask_MVC", "PilotTask_MVC\PilotTask_MVC.csproj", "{F2E16439-37E4-4903-A9D4-9F1C3DB8499B}"
EndProject
Global
	GlobalSection(SolutionConfigurationPlatforms) = preSolution
		Debug|Any CPU = Debug|Any CPU
		Release|Any CPU = Release|Any CPU
	EndGlobalSection
	GlobalSection(ProjectConfigurationPlatforms) = postSolution
		{F2E16439-37E4-4903-A9D4-9F1C3DB8499B}.Debug|Any CPU.ActiveCfg = Debug|Any CPU
		{F2E16439-37E4-4903-A9D4-9F1C3DB8499B}.Debug|Any CPU.Build.0 = Debug|Any CPU
		{F2E16439-37E4-4903-A9D4-9F1C3DB8499B}.Release|Any CPU.ActiveCfg = Release|Any CPU
		{F2E16439-37E4-4903-A9D4-9F1C3DB8499B}.Release|Any CPU.Build.0 = Release|Any CPU
	EndGlobalSection
	GlobalSection(SolutionProperties) = preSolution
		HideSolutionNode = FALSE
	EndGlobalSection
	GlobalSection(ExtensibilityGlobals) = postSolution
		SolutionGuid = {2CEBCFAE-78E1-4864-AC95-5146D25E37DC}
	EndGlobalSection
EndGlobal
